
Microsoft Visual Studio Solution File, Format Version 12.00
# Visual Studio Version 17
VisualStudioVersion = 17.14.36414.22 d17.14
MinimumVisualStudioVersion = 10.0.40219.1
Project("{FAE04EC0-301F-11D3-BF4B-00C04F79EFBC}") = "API", "API.csproj", "{C43D36B3-0C34-40EC-8EA3-B993CD83C5E7}"
EndProject
Global
	GlobalSection(SolutionConfigurationPlatforms) = preSolution
		Debug|Any CPU = Debug|Any CPU
		Release|Any CPU = Release|Any CPU
	EndGlobalSection
	GlobalSection(ProjectConfigurationPlatforms) = postSolution
		{C43D36B3-0C34-40EC-8EA3-B993CD83C5E7}.Debug|Any CPU.ActiveCfg = Debug|Any CPU
		{C43D36B3-0C34-40EC-8EA3-B993CD83C5E7}.Debug|Any CPU.Build.0 = Debug|Any CPU
		{C43D36B3-0C34-40EC-8EA3-B993CD83C5E7}.Release|Any CPU.ActiveCfg = Release|Any CPU
		{C43D36B3-0C34-40EC-8EA3-B993CD83C5E7}.Release|Any CPU.Build.0 = Release|Any CPU
	EndGlobalSection
	GlobalSection(SolutionProperties) = preSolution
		HideSolutionNode = FALSE
	EndGlobalSection
	GlobalSection(ExtensibilityGlobals) = postSolution
		SolutionGuid = {484E5076-031D-4ECE-A3C7-9767DA93CECC}
	EndGlobalSection
EndGlobal
